
Microsoft Visual Studio Solution File, Format Version 12.00
# Visual Studio Version 17
VisualStudioVersion = 17.1.32407.343
MinimumVisualStudioVersion = 10.0.40219.1
Project("{FAE04EC0-301F-11D3-BF4B-00C04F79EFBC}") = "appEstudiantes", "appEstudiantes.csproj", "{B24777B8-1CC0-4FF5-A073-6E0B8982428F}"
EndProject
Global
	GlobalSection(SolutionConfigurationPlatforms) = preSolution
		Debug|Any CPU = Debug|Any CPU
		Release|Any CPU = Release|Any CPU
	EndGlobalSection
	GlobalSection(ProjectConfigurationPlatforms) = postSolution
		{B24777B8-1CC0-4FF5-A073-6E0B8982428F}.Debug|Any CPU.ActiveCfg = Debug|Any CPU
		{B24777B8-1CC0-4FF5-A073-6E0B8982428F}.Debug|Any CPU.Build.0 = Debug|Any CPU
		{B24777B8-1CC0-4FF5-A073-6E0B8982428F}.Release|Any CPU.ActiveCfg = Release|Any CPU
		{B24777B8-1CC0-4FF5-A073-6E0B8982428F}.Release|Any CPU.Build.0 = Release|Any CPU
	EndGlobalSection
	GlobalSection(SolutionProperties) = preSolution
		HideSolutionNode = FALSE
	EndGlobalSection
	GlobalSection(ExtensibilityGlobals) = postSolution
		SolutionGuid = {10EFF7AF-57EE-4D3B-9605-A7BA33A10F40}
	EndGlobalSection
EndGlobal
